{
  "requires": true,
  "lockfileVersion": 1,
  "dependencies": {
    "vue-select": {
      "version": "3.10.5",
      "resolved": "https://registry.npmjs.org/vue-select/-/vue-select-3.10.5.tgz",
      "integrity": "sha512-32kJNHE9FqV2RzuIfwAYHny40+EltZjf86Jf4cIHc0QUy2/yAr0PM7cET1MBJe+puJdYrItGTwnmTC4I9gKLWg=="
    }
  }
}
